// !$*UTF8*$!
{
	archiveVersion = 1;
	classes = {
	};
	objectVersion = 50;
	objects = {

/* Begin PBXBuildFile section */
		1098F71FC23D28349E11C074 /* Pods_BKCycleScrollView_Swift.framework in Frameworks */ = {isa = PBXBuildFile; fileRef = ABCDCC3C3C32D931E180A2FE /* Pods_BKCycleScrollView_Swift.framework */; };
		1D0DCA8020E38203001D1074 /* AppDelegate.swift in Sources */ = {isa = PBXBuildFile; fileRef = 1D0DCA7F20E38203001D1074 /* AppDelegate.swift */; };
		1D0DCA8220E38203001D1074 /* ViewController.swift in Sources */ = {isa = PBXBuildFile; fileRef = 1D0DCA8120E38203001D1074 /* ViewController.swift */; };
		1D0DCA8720E38205001D1074 /* Assets.xcassets in Resources */ = {isa = PBXBuildFile; fileRef = 1D0DCA8620E38205001D1074 /* Assets.xcassets */; };
		1D0DCA9320E39291001D1074 /* BKCycleScrollView.swift in Sources */ = {isa = PBXBuildFile; fileRef = 1D0DCA9220E39291001D1074 /* BKCycleScrollView.swift */; };
		1D361C7920E4801A005B3AAF /* BKCycleScrollCollectionViewCell.swift in Sources */ = {isa = PBXBuildFile; fileRef = 1D361C7820E4801A005B3AAF /* BKCycleScrollCollectionViewCell.swift */; };
		1D361C7B20E4804E005B3AAF /* BKCycleScrollCollectionViewFlowLayout.swift in Sources */ = {isa = PBXBuildFile; fileRef = 1D361C7A20E4804E005B3AAF /* BKCycleScrollCollectionViewFlowLayout.swift */; };
		1D361C7D20E48E69005B3AAF /* BKCycleScrollPageControl.swift in Sources */ = {isa = PBXBuildFile; fileRef = 1D361C7C20E48E69005B3AAF /* BKCycleScrollPageControl.swift */; };
		1DA2948F20E5FE57007A8B33 /* 4.gif in Resources */ = {isa = PBXBuildFile; fileRef = 1DA2948E20E5FE57007A8B33 /* 4.gif */; };
		1DA2949120E631CE007A8B33 /* BKCycleScrollImageView.swift in Sources */ = {isa = PBXBuildFile; fileRef = 1DA2949020E631CE007A8B33 /* BKCycleScrollImageView.swift */; };
/* End PBXBuildFile section */

/* Begin PBXFileReference section */
		1D0DCA7C20E38203001D1074 /* BKCycleScrollView-Swift.app */ = {isa = PBXFileReference; explicitFileType = wrapper.application; includeInIndex = 0; path = "BKCycleScrollView-Swift.app"; sourceTree = BUILT_PRODUCTS_DIR; };
		1D0DCA7F20E38203001D1074 /* AppDelegate.swift */ = {isa = PBXFileReference; lastKnownFileType = sourcecode.swift; path = AppDelegate.swift; sourceTree = "<group>"; };
		1D0DCA8120E38203001D1074 /* ViewController.swift */ = {isa = PBXFileReference; lastKnownFileType = sourcecode.swift; path = ViewController.swift; sourceTree = "<group>"; };
		1D0DCA8620E38205001D1074 /* Assets.xcassets */ = {isa = PBXFileReference; lastKnownFileType = folder.assetcatalog; path = Assets.xcassets; sourceTree = "<group>"; };
		1D0DCA8B20E38205001D1074 /* Info.plist */ = {isa = PBXFileReference; lastKnownFileType = text.plist.xml; path = Info.plist; sourceTree = "<group>"; };
		1D0DCA9220E39291001D1074 /* BKCycleScrollView.swift */ = {isa = PBXFileReference; lastKnownFileType = sourcecode.swift; path = BKCycleScrollView.swift; sourceTree = "<group>"; };
		1D361C7820E4801A005B3AAF /* BKCycleScrollCollectionViewCell.swift */ = {isa = PBXFileReference; lastKnownFileType = sourcecode.swift; path = BKCycleScrollCollectionViewCell.swift; sourceTree = "<group>"; };
		1D361C7A20E4804E005B3AAF /* BKCycleScrollCollectionViewFlowLayout.swift */ = {isa = PBXFileReference; lastKnownFileType = sourcecode.swift; path = BKCycleScrollCollectionViewFlowLayout.swift; sourceTree = "<group>"; };
		1D361C7C20E48E69005B3AAF /* BKCycleScrollPageControl.swift */ = {isa = PBXFileReference; lastKnownFileType = sourcecode.swift; path = BKCycleScrollPageControl.swift; sourceTree = "<group>"; };
		1DA2948E20E5FE57007A8B33 /* 4.gif */ = {isa = PBXFileReference; lastKnownFileType = image.gif; path = 4.gif; sourceTree = "<group>"; };
		1DA2949020E631CE007A8B33 /* BKCycleScrollImageView.swift */ = {isa = PBXFileReference; lastKnownFileType = sourcecode.swift; path = BKCycleScrollImageView.swift; sourceTree = "<group>"; };
		25C7C58E04BA946BA59EE763 /* Pods-BKCycleScrollView-Swift.release.xcconfig */ = {isa = PBXFileReference; includeInIndex = 1; lastKnownFileType = text.xcconfig; name = "Pods-BKCycleScrollView-Swift.release.xcconfig"; path = "Pods/Target Support Files/Pods-BKCycleScrollView-Swift/Pods-BKCycleScrollView-Swift.release.xcconfig"; sourceTree = "<group>"; };
		66086279148271574EF78687 /* Pods-BKCycleScrollView-Swift.debug.xcconfig */ = {isa = PBXFileReference; includeInIndex = 1; lastKnownFileType = text.xcconfig; name = "Pods-BKCycleScrollView-Swift.debug.xcconfig"; path = "Pods/Target Support Files/Pods-BKCycleScrollView-Swift/Pods-BKCycleScrollView-Swift.debug.xcconfig"; sourceTree = "<group>"; };
		ABCDCC3C3C32D931E180A2FE /* Pods_BKCycleScrollView_Swift.framework */ = {isa = PBXFileReference; explicitFileType = wrapper.framework; includeInIndex = 0; path = Pods_BKCycleScrollView_Swift.framework; sourceTree = BUILT_PRODUCTS_DIR; };
/* End PBXFileReference section */

/* Begin PBXFrameworksBuildPhase section */
		1D0DCA7920E38203001D1074 /* Frameworks */ = {
			isa = PBXFrameworksBuildPhase;
			buildActionMask = 2147483647;
			files = (
				1098F71FC23D28349E11C074 /* Pods_BKCycleScrollView_Swift.framework in Frameworks */,
			);
			runOnlyForDeploymentPostprocessing = 0;
		};
/* End PBXFrameworksBuildPhase section */

/* Begin PBXGroup section */
		1D0DCA7320E38203001D1074 = {
			isa = PBXGroup;
			children = (
				1D0DCA7E20E38203001D1074 /* BKCycleScrollView-Swift */,
				1D0DCA7D20E38203001D1074 /* Products */,
				492831872810914578CB9EFE /* Pods */,
				DEC914945C5F6E338DC43615 /* Frameworks */,
			);
			sourceTree = "<group>";
		};
		1D0DCA7D20E38203001D1074 /* Products */ = {
			isa = PBXGroup;
			children = (
				1D0DCA7C20E38203001D1074 /* BKCycleScrollView-Swift.app */,
			);
			name = Products;
			sourceTree = "<group>";
		};
		1D0DCA7E20E38203001D1074 /* BKCycleScrollView-Swift */ = {
			isa = PBXGroup;
			children = (
				1D0DCA9120E39264001D1074 /* BKCycleScrollview */,
				1D0DCA7F20E38203001D1074 /* AppDelegate.swift */,
				1D0DCA8120E38203001D1074 /* ViewController.swift */,
				1D0DCA8620E38205001D1074 /* Assets.xcassets */,
				1D0DCA8B20E38205001D1074 /* Info.plist */,
				1DA2948E20E5FE57007A8B33 /* 4.gif */,
			);
			path = "BKCycleScrollView-Swift";
			sourceTree = "<group>";
		};
		1D0DCA9120E39264001D1074 /* BKCycleScrollview */ = {
			isa = PBXGroup;
			children = (
				1D0DCA9220E39291001D1074 /* BKCycleScrollView.swift */,
				1D361C7A20E4804E005B3AAF /* BKCycleScrollCollectionViewFlowLayout.swift */,
				1D361C7820E4801A005B3AAF /* BKCycleScrollCollectionViewCell.swift */,
				1D361C7C20E48E69005B3AAF /* BKCycleScrollPageControl.swift */,
				1DA2949020E631CE007A8B33 /* BKCycleScrollImageView.swift */,
			);
			path = BKCycleScrollview;
			sourceTree = "<group>";
		};
		492831872810914578CB9EFE /* Pods */ = {
			isa = PBXGroup;
			children = (
				66086279148271574EF78687 /* Pods-BKCycleScrollView-Swift.debug.xcconfig */,
				25C7C58E04BA946BA59EE763 /* Pods-BKCycleScrollView-Swift.release.xcconfig */,
			);
			name = Pods;
			sourceTree = "<group>";
		};
		DEC914945C5F6E338DC43615 /* Frameworks */ = {
			isa = PBXGroup;
			children = (
				ABCDCC3C3C32D931E180A2FE /* Pods_BKCycleScrollView_Swift.framework */,
			);
			name = Frameworks;
			sourceTree = "<group>";
		};
/* End PBXGroup section */

/* Begin PBXNativeTarget section */
		1D0DCA7B20E38203001D1074 /* BKCycleScrollView-Swift */ = {
			isa = PBXNativeTarget;
			buildConfigurationList = 1D0DCA8E20E38205001D1074 /* Build configuration list for PBXNativeTarget "BKCycleScrollView-Swift" */;
			buildPhases = (
				C932549B1B230DFB72B1E4AB /* [CP] Check Pods Manifest.lock */,
				1D0DCA7820E38203001D1074 /* Sources */,
				1D0DCA7920E38203001D1074 /* Frameworks */,
				1D0DCA7A20E38203001D1074 /* Resources */,
				C4DE5AD15C9D5EEE5F036EF1 /* [CP] Embed Pods Frameworks */,
			);
			buildRules = (
			);
			dependencies = (
			);
			name = "BKCycleScrollView-Swift";
			productName = "BKCycleScrollView-Swift";
			productReference = 1D0DCA7C20E38203001D1074 /* BKCycleScrollView-Swift.app */;
			productType = "com.apple.product-type.application";
		};
/* End PBXNativeTarget section */

/* Begin PBXProject section */
		1D0DCA7420E38203001D1074 /* Project object */ = {
			isa = PBXProject;
			attributes = {
				LastSwiftUpdateCheck = 0940;
				LastUpgradeCheck = 0940;
				ORGANIZATIONNAME = BIKE;
				TargetAttributes = {
					1D0DCA7B20E38203001D1074 = {
						CreatedOnToolsVersion = 9.4;
					};
				};
			};
			buildConfigurationList = 1D0DCA7720E38203001D1074 /* Build configuration list for PBXProject "BKCycleScrollView-Swift" */;
			compatibilityVersion = "Xcode 9.3";
			developmentRegion = en;
			hasScannedForEncodings = 0;
			knownRegions = (
				en,
				Base,
			);
			mainGroup = 1D0DCA7320E38203001D1074;
			productRefGroup = 1D0DCA7D20E38203001D1074 /* Products */;
			projectDirPath = "";
			projectRoot = "";
			targets = (
				1D0DCA7B20E38203001D1074 /* BKCycleScrollView-Swift */,
			);
		};
/* End PBXProject section */

/* Begin PBXResourcesBuildPhase section */
		1D0DCA7A20E38203001D1074 /* Resources */ = {
			isa = PBXResourcesBuildPhase;
			buildActionMask = 2147483647;
			files = (
				1DA2948F20E5FE57007A8B33 /* 4.gif in Resources */,
				1D0DCA8720E38205001D1074 /* Assets.xcassets in Resources */,
			);
			runOnlyForDeploymentPostprocessing = 0;
		};
/* End PBXResourcesBuildPhase section */

/* Begin PBXShellScriptBuildPhase section */
		C4DE5AD15C9D5EEE5F036EF1 /* [CP] Embed Pods Frameworks */ = {
			isa = PBXShellScriptBuildPhase;
			buildActionMask = 2147483647;
			files = (
			);
			inputPaths = (
				"${SRCROOT}/Pods/Target Support Files/Pods-BKCycleScrollView-Swift/Pods-BKCycleScrollView-Swift-frameworks.sh",
				"${BUILT_PRODUCTS_DIR}/Gifu/Gifu.framework",
				"${BUILT_PRODUCTS_DIR}/Kingfisher/Kingfisher.framework",
			);
			name = "[CP] Embed Pods Frameworks";
			outputPaths = (
				"${TARGET_BUILD_DIR}/${FRAMEWORKS_FOLDER_PATH}/Gifu.framework",
				"${TARGET_BUILD_DIR}/${FRAMEWORKS_FOLDER_PATH}/Kingfisher.framework",
			);
			runOnlyForDeploymentPostprocessing = 0;
			shellPath = /bin/sh;
			shellScript = "\"${SRCROOT}/Pods/Target Support Files/Pods-BKCycleScrollView-Swift/Pods-BKCycleScrollView-Swift-frameworks.sh\"\n";
			showEnvVarsInLog = 0;
		};
		C932549B1B230DFB72B1E4AB /* [CP] Check Pods Manifest.lock */ = {
			isa = PBXShellScriptBuildPhase;
			buildActionMask = 2147483647;
			files = (
			);
			inputPaths = (
				"${PODS_PODFILE_DIR_PATH}/Podfile.lock",
				"${PODS_ROOT}/Manifest.lock",
			);
			name = "[CP] Check Pods Manifest.lock";
			outputPaths = (
				"$(DERIVED_FILE_DIR)/Pods-BKCycleScrollView-Swift-checkManifestLockResult.txt",
			);
			runOnlyForDeploymentPostprocessing = 0;
			shellPath = /bin/sh;
			shellScript = "diff \"${PODS_PODFILE_DIR_PATH}/Podfile.lock\" \"${PODS_ROOT}/Manifest.lock\" > /dev/null\nif [ $? != 0 ] ; then\n    # print error to STDERR\n    echo \"error: The sandbox is not in sync with the Podfile.lock. Run 'pod install' or update your CocoaPods installation.\" >&2\n    exit 1\nfi\n# This output is used by Xcode 'outputs' to avoid re-running this script phase.\necho \"SUCCESS\" > \"${SCRIPT_OUTPUT_FILE_0}\"\n";
			showEnvVarsInLog = 0;
		};
/* End PBXShellScriptBuildPhase section */

/* Begin PBXSourcesBuildPhase section */
		1D0DCA7820E38203001D1074 /* Sources */ = {
			isa = PBXSourcesBuildPhase;
			buildActionMask = 2147483647;
			files = (
				1D0DCA8220E38203001D1074 /* ViewController.swift in Sources */,
				1D361C7D20E48E69005B3AAF /* BKCycleScrollPageControl.swift in Sources */,
				1D0DCA9320E39291001D1074 /* BKCycleScrollView.swift in Sources */,
				1DA2949120E631CE007A8B33 /* BKCycleScrollImageView.swift in Sources */,
				1D0DCA8020E38203001D1074 /* AppDelegate.swift in Sources */,
				1D361C7B20E4804E005B3AAF /* BKCycleScrollCollectionViewFlowLayout.swift in Sources */,
				1D361C7920E4801A005B3AAF /* BKCycleScrollCollectionViewCell.swift in Sources */,
			);
			runOnlyForDeploymentPostprocessing = 0;
		};
/* End PBXSourcesBuildPhase section */

/* Begin XCBuildConfiguration section */
		1D0DCA8C20E38205001D1074 /* Debug */ = {
			isa = XCBuildConfiguration;
			buildSettings = {
				ALWAYS_SEARCH_USER_PATHS = NO;
				CLANG_ANALYZER_NONNULL = YES;
				CLANG_ANALYZER_NUMBER_OBJECT_CONVERSION = YES_AGGRESSIVE;
				CLANG_CXX_LANGUAGE_STANDARD = "gnu++14";
				CLANG_CXX_LIBRARY = "libc++";
				CLANG_ENABLE_MODULES = YES;
				CLANG_ENABLE_OBJC_ARC = YES;
				CLANG_ENABLE_OBJC_WEAK = YES;
				CLANG_WARN_BLOCK_CAPTURE_AUTORELEASING = YES;
				CLANG_WARN_BOOL_CONVERSION = YES;
				CLANG_WARN_COMMA = YES;
				CLANG_WARN_CONSTANT_CONVERSION = YES;
				CLANG_WARN_DEPRECATED_OBJC_IMPLEMENTATIONS = YES;
				CLANG_WARN_DIRECT_OBJC_ISA_USAGE = YES_ERROR;
				CLANG_WARN_DOCUMENTATION_COMMENTS = YES;
				CLANG_WARN_EMPTY_BODY = YES;
				CLANG_WARN_ENUM_CONVERSION = YES;
				CLANG_WARN_INFINITE_RECURSION = YES;
				CLANG_WARN_INT_CONVERSION = YES;
				CLANG_WARN_NON_LITERAL_NULL_CONVERSION = YES;
				CLANG_WARN_OBJC_IMPLICIT_RETAIN_SELF = YES;
				CLANG_WARN_OBJC_LITERAL_CONVERSION = YES;
				CLANG_WARN_OBJC_ROOT_CLASS = YES_ERROR;
				CLANG_WARN_RANGE_LOOP_ANALYSIS = YES;
				CLANG_WARN_STRICT_PROTOTYPES = YES;
				CLANG_WARN_SUSPICIOUS_MOVE = YES;
				CLANG_WARN_UNGUARDED_AVAILABILITY = YES_AGGRESSIVE;
				CLANG_WARN_UNREACHABLE_CODE = YES;
				CLANG_WARN__DUPLICATE_METHOD_MATCH = YES;
				CODE_SIGN_IDENTITY = "iPhone Developer";
				COPY_PHASE_STRIP = NO;
				DEBUG_INFORMATION_FORMAT = dwarf;
				ENABLE_STRICT_OBJC_MSGSEND = YES;
				ENABLE_TESTABILITY = YES;
				GCC_C_LANGUAGE_STANDARD = gnu11;
				GCC_DYNAMIC_NO_PIC = NO;
				GCC_NO_COMMON_BLOCKS = YES;
				GCC_OPTIMIZATION_LEVEL = 0;
				GCC_PREPROCESSOR_DEFINITIONS = (
					"DEBUG=1",
					"$(inherited)",
				);
				GCC_WARN_64_TO_32_BIT_CONVERSION = YES;
				GCC_WARN_ABOUT_RETURN_TYPE = YES_ERROR;
				GCC_WARN_UNDECLARED_SELECTOR = YES;
				GCC_WARN_UNINITIALIZED_AUTOS = YES_AGGRESSIVE;
				GCC_WARN_UNUSED_FUNCTION = YES;
				GCC_WARN_UNUSED_VARIABLE = YES;
				IPHONEOS_DEPLOYMENT_TARGET = 11.4;
				MTL_ENABLE_DEBUG_INFO = YES;
				ONLY_ACTIVE_ARCH = YES;
				SDKROOT = iphoneos;
				SWIFT_ACTIVE_COMPILATION_CONDITIONS = DEBUG;
				SWIFT_OPTIMIZATION_LEVEL = "-Onone";
			};
			name = Debug;
		};
		1D0DCA8D20E38205001D1074 /* Release */ = {
			isa = XCBuildConfiguration;
			buildSettings = {
				ALWAYS_SEARCH_USER_PATHS = NO;
				CLANG_ANALYZER_NONNULL = YES;
				CLANG_ANALYZER_NUMBER_OBJECT_CONVERSION = YES_AGGRESSIVE;
				CLANG_CXX_LANGUAGE_STANDARD = "gnu++14";
				CLANG_CXX_LIBRARY = "libc++";
				CLANG_ENABLE_MODULES = YES;
				CLANG_ENABLE_OBJC_ARC = YES;
				CLANG_ENABLE_OBJC_WEAK = YES;
				CLANG_WARN_BLOCK_CAPTURE_AUTORELEASING = YES;
				CLANG_WARN_BOOL_CONVERSION = YES;
				CLANG_WARN_COMMA = YES;
				CLANG_WARN_CONSTANT_CONVERSION = YES;
				CLANG_WARN_DEPRECATED_OBJC_IMPLEMENTATIONS = YES;
				CLANG_WARN_DIRECT_OBJC_ISA_USAGE = YES_ERROR;
				CLANG_WARN_DOCUMENTATION_COMMENTS = YES;
				CLANG_WARN_EMPTY_BODY = YES;
				CLANG_WARN_ENUM_CONVERSION = YES;
				CLANG_WARN_INFINITE_RECURSION = YES;
				CLANG_WARN_INT_CONVERSION = YES;
				CLANG_WARN_NON_LITERAL_NULL_CONVERSION = YES;
				CLANG_WARN_OBJC_IMPLICIT_RETAIN_SELF = YES;
				CLANG_WARN_OBJC_LITERAL_CONVERSION = YES;
				CLANG_WARN_OBJC_ROOT_CLASS = YES_ERROR;
				CLANG_WARN_RANGE_LOOP_ANALYSIS = YES;
				CLANG_WARN_STRICT_PROTOTYPES = YES;
				CLANG_WARN_SUSPICIOUS_MOVE = YES;
				CLANG_WARN_UNGUARDED_AVAILABILITY = YES_AGGRESSIVE;
				CLANG_WARN_UNREACHABLE_CODE = YES;
				CLANG_WARN__DUPLICATE_METHOD_MATCH = YES;
				CODE_SIGN_IDENTITY = "iPhone Developer";
				COPY_PHASE_STRIP = NO;
				DEBUG_INFORMATION_FORMAT = "dwarf-with-dsym";
				ENABLE_NS_ASSERTIONS = NO;
				ENABLE_STRICT_OBJC_MSGSEND = YES;
				GCC_C_LANGUAGE_STANDARD = gnu11;
				GCC_NO_COMMON_BLOCKS = YES;
				GCC_WARN_64_TO_32_BIT_CONVERSION = YES;
				GCC_WARN_ABOUT_RETURN_TYPE = YES_ERROR;
				GCC_WARN_UNDECLARED_SELECTOR = YES;
				GCC_WARN_UNINITIALIZED_AUTOS = YES_AGGRESSIVE;
				GCC_WARN_UNUSED_FUNCTION = YES;
				GCC_WARN_UNUSED_VARIABLE = YES;
				IPHONEOS_DEPLOYMENT_TARGET = 11.4;
				MTL_ENABLE_DEBUG_INFO = NO;
				SDKROOT = iphoneos;
				SWIFT_COMPILATION_MODE = wholemodule;
				SWIFT_OPTIMIZATION_LEVEL = "-O";
				VALIDATE_PRODUCT = YES;
			};
			name = Release;
		};
		1D0DCA8F20E38205001D1074 /* Debug */ = {
			isa = XCBuildConfiguration;
			baseConfigurationReference = 66086279148271574EF78687 /* Pods-BKCycleScrollView-Swift.debug.xcconfig */;
			buildSettings = {
				ASSETCATALOG_COMPILER_APPICON_NAME = AppIcon;
				ASSETCATALOG_COMPILER_LAUNCHIMAGE_NAME = LaunchImage;
				CODE_SIGN_STYLE = Automatic;
				DEVELOPMENT_TEAM = 779S864B3K;
				INFOPLIST_FILE = "BKCycleScrollView-Swift/Info.plist";
				IPHONEOS_DEPLOYMENT_TARGET = 9.0;
				LD_RUNPATH_SEARCH_PATHS = (
					"$(inherited)",
					"@executable_path/Frameworks",
				);
				PRODUCT_BUNDLE_IDENTIFIER = "BIKE.BKCycleScrollView-Swift";
				PRODUCT_NAME = "$(TARGET_NAME)";
				SWIFT_VERSION = 4.0;
				TARGETED_DEVICE_FAMILY = 1;
			};
			name = Debug;
		};
		1D0DCA9020E38205001D1074 /* Release */ = {
			isa = XCBuildConfiguration;
			baseConfigurationReference = 25C7C58E04BA946BA59EE763 /* Pods-BKCycleScrollView-Swift.release.xcconfig */;
			buildSettings = {
				ASSETCATALOG_COMPILER_APPICON_NAME = AppIcon;
				ASSETCATALOG_COMPILER_LAUNCHIMAGE_NAME = LaunchImage;
				CODE_SIGN_STYLE = Automatic;
				DEVELOPMENT_TEAM = 779S864B3K;
				INFOPLIST_FILE = "BKCycleScrollView-Swift/Info.plist";
				IPHONEOS_DEPLOYMENT_TARGET = 9.0;
				LD_RUNPATH_SEARCH_PATHS = (
					"$(inherited)",
					"@executable_path/Frameworks",
				);
				PRODUCT_BUNDLE_IDENTIFIER = "BIKE.BKCycleScrollView-Swift";
				PRODUCT_NAME = "$(TARGET_NAME)";
				SWIFT_VERSION = 4.0;
				TARGETED_DEVICE_FAMILY = 1;
			};
			name = Release;
		};
/* End XCBuildConfiguration section */

/* Begin XCConfigurationList section */
		1D0DCA7720E38203001D1074 /* Build configuration list for PBXProject "BKCycleScrollView-Swift" */ = {
			isa = XCConfigurationList;
			buildConfigurations = (
				1D0DCA8C20E38205001D1074 /* Debug */,
				1D0DCA8D20E38205001D1074 /* Release */,
			);
			defaultConfigurationIsVisible = 0;
			defaultConfigurationName = Release;
		};
		1D0DCA8E20E38205001D1074 /* Build configuration list for PBXNativeTarget "BKCycleScrollView-Swift" */ = {
			isa = XCConfigurationList;
			buildConfigurations = (
				1D0DCA8F20E38205001D1074 /* Debug */,
				1D0DCA9020E38205001D1074 /* Release */,
			);
			defaultConfigurationIsVisible = 0;
			defaultConfigurationName = Release;
		};
/* End XCConfigurationList section */
	};
	rootObject = 1D0DCA7420E38203001D1074 /* Project object */;
}
